# THIS IS AN AUTOGENERATED FILE. DO NOT EDIT THIS FILE DIRECTLY.
# yarn lockfile v1


"@types/node@^12.7.12":
  version "12.7.12"
  resolved "https://registry.yarnpkg.com/@types/node/-/node-12.7.12.tgz#7c6c571cc2f3f3ac4a59a5f2bd48f5bdbc8653cc"
  integrity sha512-KPYGmfD0/b1eXurQ59fXD1GBzhSQfz6/lKBxkaHX9dKTzjXbK68Zt7yGUxUsCS1jeTy/8aL+d9JEr+S54mpkWQ==

typescript@^3.6.4:
  version "3.6.4"
  resolved "https://registry.yarnpkg.com/typescript/-/typescript-3.6.4.tgz#b18752bb3792bc1a0281335f7f6ebf1bbfc5b91d"
  integrity sha512-unoCll1+l+YK4i4F8f22TaNVPRHcD9PA3yCuZ8g5e0qGqlVlJ/8FSateOLLSagn+Yg5+ZwuPkL8LFUc0Jcvksg==
